// !$*UTF8*$!
{
	archiveVersion = 1;
	classes = {
	};
	objectVersion = 50;
	objects = {

/* Begin PBXBuildFile section */
		94104FB221993D93006CDF8E /* AppDelegate.swift in Sources */ = {isa = PBXBuildFile; fileRef = 94104FB121993D93006CDF8E /* AppDelegate.swift */; };
		94104FB921993D95006CDF8E /* Assets.xcassets in Resources */ = {isa = PBXBuildFile; fileRef = 94104FB821993D95006CDF8E /* Assets.xcassets */; };
		94104FBC21993D95006CDF8E /* LaunchScreen.storyboard in Resources */ = {isa = PBXBuildFile; fileRef = 94104FBA21993D95006CDF8E /* LaunchScreen.storyboard */; };
		945A9C2C219BBE8000A34026 /* CollectionNormalCell.swift in Sources */ = {isa = PBXBuildFile; fileRef = 945A9C2A219BBE8000A34026 /* CollectionNormalCell.swift */; };
		945A9C2D219BBE8000A34026 /* CollectionNormalCell.xib in Resources */ = {isa = PBXBuildFile; fileRef = 945A9C2B219BBE8000A34026 /* CollectionNormalCell.xib */; };
		945A9C30219BCF4D00A34026 /* CollectionPrettyCell.swift in Sources */ = {isa = PBXBuildFile; fileRef = 945A9C2E219BCF4D00A34026 /* CollectionPrettyCell.swift */; };
		945A9C31219BCF4D00A34026 /* CollectionPrettyCell.xib in Resources */ = {isa = PBXBuildFile; fileRef = 945A9C2F219BCF4D00A34026 /* CollectionPrettyCell.xib */; };
		945A9C51219C0BA600A34026 /* RecommendCycleView.swift in Sources */ = {isa = PBXBuildFile; fileRef = 945A9C50219C0BA600A34026 /* RecommendCycleView.swift */; };
		945A9C53219C0BC000A34026 /* RecommendCycleView.xib in Resources */ = {isa = PBXBuildFile; fileRef = 945A9C52219C0BC000A34026 /* RecommendCycleView.xib */; };
		945C8F13219A6C0F001A12E7 /* PageTitleView.swift in Sources */ = {isa = PBXBuildFile; fileRef = 945C8F12219A6C0F001A12E7 /* PageTitleView.swift */; };
		945C8F15219A6F3A001A12E7 /* Common.swift in Sources */ = {isa = PBXBuildFile; fileRef = 945C8F14219A6F3A001A12E7 /* Common.swift */; };
		945C8F17219A8F69001A12E7 /* PageContentView.swift in Sources */ = {isa = PBXBuildFile; fileRef = 945C8F16219A8F69001A12E7 /* PageContentView.swift */; };
		945C8F19219A9387001A12E7 /* UIColorExtension.swift in Sources */ = {isa = PBXBuildFile; fileRef = 945C8F18219A9387001A12E7 /* UIColorExtension.swift */; };
		945C8F1B219ACB41001A12E7 /* RecommendViewController.swift in Sources */ = {isa = PBXBuildFile; fileRef = 945C8F1A219ACB41001A12E7 /* RecommendViewController.swift */; };
		945C8F22219AE076001A12E7 /* CollectionHeaderView.swift in Sources */ = {isa = PBXBuildFile; fileRef = 945C8F20219AE076001A12E7 /* CollectionHeaderView.swift */; };
		945C8F23219AE076001A12E7 /* CollectionHeaderView.xib in Resources */ = {isa = PBXBuildFile; fileRef = 945C8F21219AE076001A12E7 /* CollectionHeaderView.xib */; };
		94D64EEE219C28D4009E960C /* NetWorkToos.swift in Sources */ = {isa = PBXBuildFile; fileRef = 94D64EED219C28D4009E960C /* NetWorkToos.swift */; };
		94DAF7E521996D5500863359 /* MainViewController.swift in Sources */ = {isa = PBXBuildFile; fileRef = 94DAF7E421996D5500863359 /* MainViewController.swift */; };
		94DAF7F8219978B500863359 /* HomeViewController.swift in Sources */ = {isa = PBXBuildFile; fileRef = 94DAF7F7219978B500863359 /* HomeViewController.swift */; };
		94DAF7FA21997EFF00863359 /* Main.storyboard in Resources */ = {isa = PBXBuildFile; fileRef = 94DAF7F921997EFF00863359 /* Main.storyboard */; };
		94DAF7FC2199811200863359 /* Home.storyboard in Resources */ = {isa = PBXBuildFile; fileRef = 94DAF7FB2199811200863359 /* Home.storyboard */; };
		94DAF7FE2199814600863359 /* Follow.storyboard in Resources */ = {isa = PBXBuildFile; fileRef = 94DAF7FD2199814600863359 /* Follow.storyboard */; };
		94DAF8002199816E00863359 /* Live.storyboard in Resources */ = {isa = PBXBuildFile; fileRef = 94DAF7FF2199816E00863359 /* Live.storyboard */; };
		94DAF8022199819200863359 /* Profile.storyboard in Resources */ = {isa = PBXBuildFile; fileRef = 94DAF8012199819100863359 /* Profile.storyboard */; };
		94DAF8052199870B00863359 /* UIBarButtonExtension.swift in Sources */ = {isa = PBXBuildFile; fileRef = 94DAF8042199870B00863359 /* UIBarButtonExtension.swift */; };
		DF1460672A4E7543A009DC02 /* Pods_DouYuZB.framework in Frameworks */ = {isa = PBXBuildFile; fileRef = 02195C046CE7BE07BA81CC69 /* Pods_DouYuZB.framework */; };
/* End PBXBuildFile section */

/* Begin PBXFileReference section */
		02195C046CE7BE07BA81CC69 /* Pods_DouYuZB.framework */ = {isa = PBXFileReference; explicitFileType = wrapper.framework; includeInIndex = 0; path = Pods_DouYuZB.framework; sourceTree = BUILT_PRODUCTS_DIR; };
		77EF155C145B26F195B97F1D /* Pods-DouYuZB.debug.xcconfig */ = {isa = PBXFileReference; includeInIndex = 1; lastKnownFileType = text.xcconfig; name = "Pods-DouYuZB.debug.xcconfig"; path = "Pods/Target Support Files/Pods-DouYuZB/Pods-DouYuZB.debug.xcconfig"; sourceTree = "<group>"; };
		94104FAE21993D93006CDF8E /* DouYuZB.app */ = {isa = PBXFileReference; explicitFileType = wrapper.application; includeInIndex = 0; path = DouYuZB.app; sourceTree = BUILT_PRODUCTS_DIR; };
		94104FB121993D93006CDF8E /* AppDelegate.swift */ = {isa = PBXFileReference; lastKnownFileType = sourcecode.swift; path = AppDelegate.swift; sourceTree = "<group>"; };
		94104FB821993D95006CDF8E /* Assets.xcassets */ = {isa = PBXFileReference; lastKnownFileType = folder.assetcatalog; path = Assets.xcassets; sourceTree = "<group>"; };
		94104FBB21993D95006CDF8E /* Base */ = {isa = PBXFileReference; lastKnownFileType = file.storyboard; name = Base; path = Base.lproj/LaunchScreen.storyboard; sourceTree = "<group>"; };
		94104FBD21993D95006CDF8E /* Info.plist */ = {isa = PBXFileReference; lastKnownFileType = text.plist.xml; path = Info.plist; sourceTree = "<group>"; };
		945A9C2A219BBE8000A34026 /* CollectionNormalCell.swift */ = {isa = PBXFileReference; lastKnownFileType = sourcecode.swift; path = CollectionNormalCell.swift; sourceTree = "<group>"; };
		945A9C2B219BBE8000A34026 /* CollectionNormalCell.xib */ = {isa = PBXFileReference; lastKnownFileType = file.xib; path = CollectionNormalCell.xib; sourceTree = "<group>"; };
		945A9C2E219BCF4D00A34026 /* CollectionPrettyCell.swift */ = {isa = PBXFileReference; lastKnownFileType = sourcecode.swift; path = CollectionPrettyCell.swift; sourceTree = "<group>"; };
		945A9C2F219BCF4D00A34026 /* CollectionPrettyCell.xib */ = {isa = PBXFileReference; lastKnownFileType = file.xib; path = CollectionPrettyCell.xib; sourceTree = "<group>"; };
		945A9C50219C0BA600A34026 /* RecommendCycleView.swift */ = {isa = PBXFileReference; lastKnownFileType = sourcecode.swift; path = RecommendCycleView.swift; sourceTree = "<group>"; };
		945A9C52219C0BC000A34026 /* RecommendCycleView.xib */ = {isa = PBXFileReference; lastKnownFileType = file.xib; path = RecommendCycleView.xib; sourceTree = "<group>"; };
		945C8F12219A6C0F001A12E7 /* PageTitleView.swift */ = {isa = PBXFileReference; lastKnownFileType = sourcecode.swift; path = PageTitleView.swift; sourceTree = "<group>"; };
		945C8F14219A6F3A001A12E7 /* Common.swift */ = {isa = PBXFileReference; lastKnownFileType = sourcecode.swift; path = Common.swift; sourceTree = "<group>"; };
		945C8F16219A8F69001A12E7 /* PageContentView.swift */ = {isa = PBXFileReference; lastKnownFileType = sourcecode.swift; path = PageContentView.swift; sourceTree = "<group>"; };
		945C8F18219A9387001A12E7 /* UIColorExtension.swift */ = {isa = PBXFileReference; lastKnownFileType = sourcecode.swift; path = UIColorExtension.swift; sourceTree = "<group>"; };
		945C8F1A219ACB41001A12E7 /* RecommendViewController.swift */ = {isa = PBXFileReference; lastKnownFileType = sourcecode.swift; path = RecommendViewController.swift; sourceTree = "<group>"; };
		945C8F20219AE076001A12E7 /* CollectionHeaderView.swift */ = {isa = PBXFileReference; lastKnownFileType = sourcecode.swift; path = CollectionHeaderView.swift; sourceTree = "<group>"; };
		945C8F21219AE076001A12E7 /* CollectionHeaderView.xib */ = {isa = PBXFileReference; lastKnownFileType = file.xib; path = CollectionHeaderView.xib; sourceTree = "<group>"; };
		94D64EED219C28D4009E960C /* NetWorkToos.swift */ = {isa = PBXFileReference; lastKnownFileType = sourcecode.swift; path = NetWorkToos.swift; sourceTree = "<group>"; };
		94DAF7E421996D5500863359 /* MainViewController.swift */ = {isa = PBXFileReference; lastKnownFileType = sourcecode.swift; path = MainViewController.swift; sourceTree = "<group>"; };
		94DAF7F7219978B500863359 /* HomeViewController.swift */ = {isa = PBXFileReference; lastKnownFileType = sourcecode.swift; path = HomeViewController.swift; sourceTree = "<group>"; };
		94DAF7F921997EFF00863359 /* Main.storyboard */ = {isa = PBXFileReference; lastKnownFileType = file.storyboard; path = Main.storyboard; sourceTree = "<group>"; };
		94DAF7FB2199811200863359 /* Home.storyboard */ = {isa = PBXFileReference; fileEncoding = 4; lastKnownFileType = file.storyboard; path = Home.storyboard; sourceTree = "<group>"; };
		94DAF7FD2199814600863359 /* Follow.storyboard */ = {isa = PBXFileReference; fileEncoding = 4; lastKnownFileType = file.storyboard; path = Follow.storyboard; sourceTree = "<group>"; };
		94DAF7FF2199816E00863359 /* Live.storyboard */ = {isa = PBXFileReference; fileEncoding = 4; lastKnownFileType = file.storyboard; path = Live.storyboard; sourceTree = "<group>"; };
		94DAF8012199819100863359 /* Profile.storyboard */ = {isa = PBXFileReference; fileEncoding = 4; lastKnownFileType = file.storyboard; path = Profile.storyboard; sourceTree = "<group>"; };
		94DAF8042199870B00863359 /* UIBarButtonExtension.swift */ = {isa = PBXFileReference; lastKnownFileType = sourcecode.swift; path = UIBarButtonExtension.swift; sourceTree = "<group>"; };
		C6F91F1FDFE8FBB49CB8B80E /* Pods-DouYuZB.release.xcconfig */ = {isa = PBXFileReference; includeInIndex = 1; lastKnownFileType = text.xcconfig; name = "Pods-DouYuZB.release.xcconfig"; path = "Pods/Target Support Files/Pods-DouYuZB/Pods-DouYuZB.release.xcconfig"; sourceTree = "<group>"; };
/* End PBXFileReference section */

/* Begin PBXFrameworksBuildPhase section */
		94104FAB21993D93006CDF8E /* Frameworks */ = {
			isa = PBXFrameworksBuildPhase;
			buildActionMask = 2147483647;
			files = (
				DF1460672A4E7543A009DC02 /* Pods_DouYuZB.framework in Frameworks */,
			);
			runOnlyForDeploymentPostprocessing = 0;
		};
/* End PBXFrameworksBuildPhase section */

/* Begin PBXGroup section */
		22D79A016C796E8E334880E4 /* Frameworks */ = {
			isa = PBXGroup;
			children = (
				02195C046CE7BE07BA81CC69 /* Pods_DouYuZB.framework */,
			);
			name = Frameworks;
			sourceTree = "<group>";
		};
		3F5E506B1568816FAD276B08 /* Pods */ = {
			isa = PBXGroup;
			children = (
				77EF155C145B26F195B97F1D /* Pods-DouYuZB.debug.xcconfig */,
				C6F91F1FDFE8FBB49CB8B80E /* Pods-DouYuZB.release.xcconfig */,
			);
			name = Pods;
			sourceTree = "<group>";
		};
		94104FA521993D93006CDF8E = {
			isa = PBXGroup;
			children = (
				94104FB021993D93006CDF8E /* DouYuZB */,
				94104FAF21993D93006CDF8E /* Products */,
				3F5E506B1568816FAD276B08 /* Pods */,
				22D79A016C796E8E334880E4 /* Frameworks */,
			);
			sourceTree = "<group>";
		};
		94104FAF21993D93006CDF8E /* Products */ = {
			isa = PBXGroup;
			children = (
				94104FAE21993D93006CDF8E /* DouYuZB.app */,
			);
			name = Products;
			sourceTree = "<group>";
		};
		94104FB021993D93006CDF8E /* DouYuZB */ = {
			isa = PBXGroup;
			children = (
				94104FC52199534A006CDF8E /* Classes */,
				94104FB121993D93006CDF8E /* AppDelegate.swift */,
				94104FB821993D95006CDF8E /* Assets.xcassets */,
				94104FBA21993D95006CDF8E /* LaunchScreen.storyboard */,
				94104FBD21993D95006CDF8E /* Info.plist */,
			);
			path = DouYuZB;
			sourceTree = "<group>";
		};
		94104FC52199534A006CDF8E /* Classes */ = {
			isa = PBXGroup;
			children = (
				94104FC72199534A006CDF8E /* Tools */,
				94104FCB2199534A006CDF8E /* Main */,
				94104FC62199534A006CDF8E /* Home */,
				94104FC82199534A006CDF8E /* Follow */,
				94104FC92199534A006CDF8E /* Profile */,
				94104FCA2199534A006CDF8E /* Live */,
			);
			path = Classes;
			sourceTree = "<group>";
		};
		94104FC62199534A006CDF8E /* Home */ = {
			isa = PBXGroup;
			children = (
				94DAF7E82199756100863359 /* Model */,
				94DAF7E72199755700863359 /* View */,
				94DAF7E62199751E00863359 /* Controller */,
			);
			path = Home;
			sourceTree = "<group>";
		};
		94104FC72199534A006CDF8E /* Tools */ = {
			isa = PBXGroup;
			children = (
				94DAF803219986D700863359 /* Extension */,
				945C8F14219A6F3A001A12E7 /* Common.swift */,
				94D64EED219C28D4009E960C /* NetWorkToos.swift */,
			);
			path = Tools;
			sourceTree = "<group>";
		};
		94104FC82199534A006CDF8E /* Follow */ = {
			isa = PBXGroup;
			children = (
				94DAF7EC2199758D00863359 /* Model */,
				94DAF7EA2199757600863359 /* View */,
				94DAF7E92199756B00863359 /* Controller */,
			);
			path = Follow;
			sourceTree = "<group>";
		};
		94104FC92199534A006CDF8E /* Profile */ = {
			isa = PBXGroup;
			children = (
				94DAF7EF219975AC00863359 /* Model */,
				94DAF7EE219975A100863359 /* View */,
				94DAF7ED2199759600863359 /* Controller */,
			);
			path = Profile;
			sourceTree = "<group>";
		};
		94104FCA2199534A006CDF8E /* Live */ = {
			isa = PBXGroup;
			children = (
				94DAF7F2219975CC00863359 /* Model */,
				94DAF7F1219975C500863359 /* View */,
				94DAF7F0219975B600863359 /* Controller */,
			);
			path = Live;
			sourceTree = "<group>";
		};
		94104FCB2199534A006CDF8E /* Main */ = {
			isa = PBXGroup;
			children = (
				94DAF7F5219977A900863359 /* Model */,
				94DAF7F42199779300863359 /* View */,
				94DAF7F32199776D00863359 /* Controller */,
			);
			path = Main;
			sourceTree = "<group>";
		};
		94DAF7E62199751E00863359 /* Controller */ = {
			isa = PBXGroup;
			children = (
				94DAF7FB2199811200863359 /* Home.storyboard */,
				94DAF7F7219978B500863359 /* HomeViewController.swift */,
				945C8F1A219ACB41001A12E7 /* RecommendViewController.swift */,
			);
			path = Controller;
			sourceTree = "<group>";
		};
		94DAF7E72199755700863359 /* View */ = {
			isa = PBXGroup;
			children = (
				945C8F20219AE076001A12E7 /* CollectionHeaderView.swift */,
				945C8F21219AE076001A12E7 /* CollectionHeaderView.xib */,
				945A9C50219C0BA600A34026 /* RecommendCycleView.swift */,
				945A9C52219C0BC000A34026 /* RecommendCycleView.xib */,
			);
			path = View;
			sourceTree = "<group>";
		};
		94DAF7E82199756100863359 /* Model */ = {
			isa = PBXGroup;
			children = (
			);
			path = Model;
			sourceTree = "<group>";
		};
		94DAF7E92199756B00863359 /* Controller */ = {
			isa = PBXGroup;
			children = (
				94DAF7FD2199814600863359 /* Follow.storyboard */,
			);
			path = Controller;
			sourceTree = "<group>";
		};
		94DAF7EA2199757600863359 /* View */ = {
			isa = PBXGroup;
			children = (
			);
			path = View;
			sourceTree = "<group>";
		};
		94DAF7EC2199758D00863359 /* Model */ = {
			isa = PBXGroup;
			children = (
			);
			path = Model;
			sourceTree = "<group>";
		};
		94DAF7ED2199759600863359 /* Controller */ = {
			isa = PBXGroup;
			children = (
				94DAF8012199819100863359 /* Profile.storyboard */,
			);
			path = Controller;
			sourceTree = "<group>";
		};
		94DAF7EE219975A100863359 /* View */ = {
			isa = PBXGroup;
			children = (
			);
			path = View;
			sourceTree = "<group>";
		};
		94DAF7EF219975AC00863359 /* Model */ = {
			isa = PBXGroup;
			children = (
			);
			path = Model;
			sourceTree = "<group>";
		};
		94DAF7F0219975B600863359 /* Controller */ = {
			isa = PBXGroup;
			children = (
				94DAF7FF2199816E00863359 /* Live.storyboard */,
			);
			path = Controller;
			sourceTree = "<group>";
		};
		94DAF7F1219975C500863359 /* View */ = {
			isa = PBXGroup;
			children = (
			);
			path = View;
			sourceTree = "<group>";
		};
		94DAF7F2219975CC00863359 /* Model */ = {
			isa = PBXGroup;
			children = (
			);
			path = Model;
			sourceTree = "<group>";
		};
		94DAF7F32199776D00863359 /* Controller */ = {
			isa = PBXGroup;
			children = (
				94DAF7E421996D5500863359 /* MainViewController.swift */,
				94DAF7F921997EFF00863359 /* Main.storyboard */,
			);
			path = Controller;
			sourceTree = "<group>";
		};
		94DAF7F42199779300863359 /* View */ = {
			isa = PBXGroup;
			children = (
				945C8F12219A6C0F001A12E7 /* PageTitleView.swift */,
				945C8F16219A8F69001A12E7 /* PageContentView.swift */,
				945A9C2A219BBE8000A34026 /* CollectionNormalCell.swift */,
				945A9C2B219BBE8000A34026 /* CollectionNormalCell.xib */,
				945A9C2E219BCF4D00A34026 /* CollectionPrettyCell.swift */,
				945A9C2F219BCF4D00A34026 /* CollectionPrettyCell.xib */,
			);
			path = View;
			sourceTree = "<group>";
		};
		94DAF7F5219977A900863359 /* Model */ = {
			isa = PBXGroup;
			children = (
			);
			path = Model;
			sourceTree = "<group>";
		};
		94DAF803219986D700863359 /* Extension */ = {
			isa = PBXGroup;
			children = (
				94DAF8042199870B00863359 /* UIBarButtonExtension.swift */,
				945C8F18219A9387001A12E7 /* UIColorExtension.swift */,
			);
			path = Extension;
			sourceTree = "<group>";
		};
/* End PBXGroup section */

/* Begin PBXNativeTarget section */
		94104FAD21993D93006CDF8E /* DouYuZB */ = {
			isa = PBXNativeTarget;
			buildConfigurationList = 94104FC021993D95006CDF8E /* Build configuration list for PBXNativeTarget "DouYuZB" */;
			buildPhases = (
				D63A301C33B62D060E571660 /* [CP] Check Pods Manifest.lock */,
				94104FAA21993D93006CDF8E /* Sources */,
				94104FAB21993D93006CDF8E /* Frameworks */,
				94104FAC21993D93006CDF8E /* Resources */,
				C9B6C4BCA8E91C7EDC374988 /* [CP] Embed Pods Frameworks */,
			);
			buildRules = (
			);
			dependencies = (
			);
			name = DouYuZB;
			productName = DouYuZB;
			productReference = 94104FAE21993D93006CDF8E /* DouYuZB.app */;
			productType = "com.apple.product-type.application";
		};
/* End PBXNativeTarget section */

/* Begin PBXProject section */
		94104FA621993D93006CDF8E /* Project object */ = {
			isa = PBXProject;
			attributes = {
				LastSwiftUpdateCheck = 1010;
				LastUpgradeCheck = 1010;
				ORGANIZATIONNAME = "ninan lin";
				TargetAttributes = {
					94104FAD21993D93006CDF8E = {
						CreatedOnToolsVersion = 10.1;
					};
				};
			};
			buildConfigurationList = 94104FA921993D93006CDF8E /* Build configuration list for PBXProject "DouYuZB" */;
			compatibilityVersion = "Xcode 9.3";
			developmentRegion = en;
			hasScannedForEncodings = 0;
			knownRegions = (
				en,
				Base,
			);
			mainGroup = 94104FA521993D93006CDF8E;
			productRefGroup = 94104FAF21993D93006CDF8E /* Products */;
			projectDirPath = "";
			projectRoot = "";
			targets = (
				94104FAD21993D93006CDF8E /* DouYuZB */,
			);
		};
/* End PBXProject section */

/* Begin PBXResourcesBuildPhase section */
		94104FAC21993D93006CDF8E /* Resources */ = {
			isa = PBXResourcesBuildPhase;
			buildActionMask = 2147483647;
			files = (
				94DAF7FE2199814600863359 /* Follow.storyboard in Resources */,
				945C8F23219AE076001A12E7 /* CollectionHeaderView.xib in Resources */,
				945A9C2D219BBE8000A34026 /* CollectionNormalCell.xib in Resources */,
				94DAF7FA21997EFF00863359 /* Main.storyboard in Resources */,
				94DAF8002199816E00863359 /* Live.storyboard in Resources */,
				94104FBC21993D95006CDF8E /* LaunchScreen.storyboard in Resources */,
				94104FB921993D95006CDF8E /* Assets.xcassets in Resources */,
				945A9C53219C0BC000A34026 /* RecommendCycleView.xib in Resources */,
				945A9C31219BCF4D00A34026 /* CollectionPrettyCell.xib in Resources */,
				94DAF8022199819200863359 /* Profile.storyboard in Resources */,
				94DAF7FC2199811200863359 /* Home.storyboard in Resources */,
			);
			runOnlyForDeploymentPostprocessing = 0;
		};
/* End PBXResourcesBuildPhase section */

/* Begin PBXShellScriptBuildPhase section */
		C9B6C4BCA8E91C7EDC374988 /* [CP] Embed Pods Frameworks */ = {
			isa = PBXShellScriptBuildPhase;
			buildActionMask = 2147483647;
			files = (
			);
			inputFileListPaths = (
			);
			inputPaths = (
				"${SRCROOT}/Pods/Target Support Files/Pods-DouYuZB/Pods-DouYuZB-frameworks.sh",
				"${BUILT_PRODUCTS_DIR}/Alamofire/Alamofire.framework",
			);
			name = "[CP] Embed Pods Frameworks";
			outputFileListPaths = (
			);
			outputPaths = (
				"${TARGET_BUILD_DIR}/${FRAMEWORKS_FOLDER_PATH}/Alamofire.framework",
			);
			runOnlyForDeploymentPostprocessing = 0;
			shellPath = /bin/sh;
			shellScript = "\"${SRCROOT}/Pods/Target Support Files/Pods-DouYuZB/Pods-DouYuZB-frameworks.sh\"\n";
			showEnvVarsInLog = 0;
		};
		D63A301C33B62D060E571660 /* [CP] Check Pods Manifest.lock */ = {
			isa = PBXShellScriptBuildPhase;
			buildActionMask = 2147483647;
			files = (
			);
			inputFileListPaths = (
			);
			inputPaths = (
				"${PODS_PODFILE_DIR_PATH}/Podfile.lock",
				"${PODS_ROOT}/Manifest.lock",
			);
			name = "[CP] Check Pods Manifest.lock";
			outputFileListPaths = (
			);
			outputPaths = (
				"$(DERIVED_FILE_DIR)/Pods-DouYuZB-checkManifestLockResult.txt",
			);
			runOnlyForDeploymentPostprocessing = 0;
			shellPath = /bin/sh;
			shellScript = "diff \"${PODS_PODFILE_DIR_PATH}/Podfile.lock\" \"${PODS_ROOT}/Manifest.lock\" > /dev/null\nif [ $? != 0 ] ; then\n    # print error to STDERR\n    echo \"error: The sandbox is not in sync with the Podfile.lock. Run 'pod install' or update your CocoaPods installation.\" >&2\n    exit 1\nfi\n# This output is used by Xcode 'outputs' to avoid re-running this script phase.\necho \"SUCCESS\" > \"${SCRIPT_OUTPUT_FILE_0}\"\n";
			showEnvVarsInLog = 0;
		};
/* End PBXShellScriptBuildPhase section */

/* Begin PBXSourcesBuildPhase section */
		94104FAA21993D93006CDF8E /* Sources */ = {
			isa = PBXSourcesBuildPhase;
			buildActionMask = 2147483647;
			files = (
				945A9C51219C0BA600A34026 /* RecommendCycleView.swift in Sources */,
				94104FB221993D93006CDF8E /* AppDelegate.swift in Sources */,
				945C8F22219AE076001A12E7 /* CollectionHeaderView.swift in Sources */,
				94DAF8052199870B00863359 /* UIBarButtonExtension.swift in Sources */,
				945C8F1B219ACB41001A12E7 /* RecommendViewController.swift in Sources */,
				945C8F13219A6C0F001A12E7 /* PageTitleView.swift in Sources */,
				945C8F19219A9387001A12E7 /* UIColorExtension.swift in Sources */,
				945C8F17219A8F69001A12E7 /* PageContentView.swift in Sources */,
				94DAF7E521996D5500863359 /* MainViewController.swift in Sources */,
				94D64EEE219C28D4009E960C /* NetWorkToos.swift in Sources */,
				945C8F15219A6F3A001A12E7 /* Common.swift in Sources */,
				945A9C30219BCF4D00A34026 /* CollectionPrettyCell.swift in Sources */,
				945A9C2C219BBE8000A34026 /* CollectionNormalCell.swift in Sources */,
				94DAF7F8219978B500863359 /* HomeViewController.swift in Sources */,
			);
			runOnlyForDeploymentPostprocessing = 0;
		};
/* End PBXSourcesBuildPhase section */

/* Begin PBXVariantGroup section */
		94104FBA21993D95006CDF8E /* LaunchScreen.storyboard */ = {
			isa = PBXVariantGroup;
			children = (
				94104FBB21993D95006CDF8E /* Base */,
			);
			name = LaunchScreen.storyboard;
			sourceTree = "<group>";
		};
/* End PBXVariantGroup section */

/* Begin XCBuildConfiguration section */
		94104FBE21993D95006CDF8E /* Debug */ = {
			isa = XCBuildConfiguration;
			buildSettings = {
				ALWAYS_SEARCH_USER_PATHS = NO;
				CLANG_ANALYZER_NONNULL = YES;
				CLANG_ANALYZER_NUMBER_OBJECT_CONVERSION = YES_AGGRESSIVE;
				CLANG_CXX_LANGUAGE_STANDARD = "gnu++14";
				CLANG_CXX_LIBRARY = "libc++";
				CLANG_ENABLE_MODULES = YES;
				CLANG_ENABLE_OBJC_ARC = YES;
				CLANG_ENABLE_OBJC_WEAK = YES;
				CLANG_WARN_BLOCK_CAPTURE_AUTORELEASING = YES;
				CLANG_WARN_BOOL_CONVERSION = YES;
				CLANG_WARN_COMMA = YES;
				CLANG_WARN_CONSTANT_CONVERSION = YES;
				CLANG_WARN_DEPRECATED_OBJC_IMPLEMENTATIONS = YES;
				CLANG_WARN_DIRECT_OBJC_ISA_USAGE = YES_ERROR;
				CLANG_WARN_DOCUMENTATION_COMMENTS = YES;
				CLANG_WARN_EMPTY_BODY = YES;
				CLANG_WARN_ENUM_CONVERSION = YES;
				CLANG_WARN_INFINITE_RECURSION = YES;
				CLANG_WARN_INT_CONVERSION = YES;
				CLANG_WARN_NON_LITERAL_NULL_CONVERSION = YES;
				CLANG_WARN_OBJC_IMPLICIT_RETAIN_SELF = YES;
				CLANG_WARN_OBJC_LITERAL_CONVERSION = YES;
				CLANG_WARN_OBJC_ROOT_CLASS = YES_ERROR;
				CLANG_WARN_RANGE_LOOP_ANALYSIS = YES;
				CLANG_WARN_STRICT_PROTOTYPES = YES;
				CLANG_WARN_SUSPICIOUS_MOVE = YES;
				CLANG_WARN_UNGUARDED_AVAILABILITY = YES_AGGRESSIVE;
				CLANG_WARN_UNREACHABLE_CODE = YES;
				CLANG_WARN__DUPLICATE_METHOD_MATCH = YES;
				CODE_SIGN_IDENTITY = "iPhone Developer";
				COPY_PHASE_STRIP = NO;
				DEBUG_INFORMATION_FORMAT = dwarf;
				ENABLE_STRICT_OBJC_MSGSEND = YES;
				ENABLE_TESTABILITY = YES;
				GCC_C_LANGUAGE_STANDARD = gnu11;
				GCC_DYNAMIC_NO_PIC = NO;
				GCC_NO_COMMON_BLOCKS = YES;
				GCC_OPTIMIZATION_LEVEL = 0;
				GCC_PREPROCESSOR_DEFINITIONS = (
					"DEBUG=1",
					"$(inherited)",
				);
				GCC_WARN_64_TO_32_BIT_CONVERSION = YES;
				GCC_WARN_ABOUT_RETURN_TYPE = YES_ERROR;
				GCC_WARN_UNDECLARED_SELECTOR = YES;
				GCC_WARN_UNINITIALIZED_AUTOS = YES_AGGRESSIVE;
				GCC_WARN_UNUSED_FUNCTION = YES;
				GCC_WARN_UNUSED_VARIABLE = YES;
				IPHONEOS_DEPLOYMENT_TARGET = 12.1;
				MTL_ENABLE_DEBUG_INFO = INCLUDE_SOURCE;
				MTL_FAST_MATH = YES;
				ONLY_ACTIVE_ARCH = YES;
				SDKROOT = iphoneos;
				SWIFT_ACTIVE_COMPILATION_CONDITIONS = DEBUG;
				SWIFT_OPTIMIZATION_LEVEL = "-Onone";
			};
			name = Debug;
		};
		94104FBF21993D95006CDF8E /* Release */ = {
			isa = XCBuildConfiguration;
			buildSettings = {
				ALWAYS_SEARCH_USER_PATHS = NO;
				CLANG_ANALYZER_NONNULL = YES;
				CLANG_ANALYZER_NUMBER_OBJECT_CONVERSION = YES_AGGRESSIVE;
				CLANG_CXX_LANGUAGE_STANDARD = "gnu++14";
				CLANG_CXX_LIBRARY = "libc++";
				CLANG_ENABLE_MODULES = YES;
				CLANG_ENABLE_OBJC_ARC = YES;
				CLANG_ENABLE_OBJC_WEAK = YES;
				CLANG_WARN_BLOCK_CAPTURE_AUTORELEASING = YES;
				CLANG_WARN_BOOL_CONVERSION = YES;
				CLANG_WARN_COMMA = YES;
				CLANG_WARN_CONSTANT_CONVERSION = YES;
				CLANG_WARN_DEPRECATED_OBJC_IMPLEMENTATIONS = YES;
				CLANG_WARN_DIRECT_OBJC_ISA_USAGE = YES_ERROR;
				CLANG_WARN_DOCUMENTATION_COMMENTS = YES;
				CLANG_WARN_EMPTY_BODY = YES;
				CLANG_WARN_ENUM_CONVERSION = YES;
				CLANG_WARN_INFINITE_RECURSION = YES;
				CLANG_WARN_INT_CONVERSION = YES;
				CLANG_WARN_NON_LITERAL_NULL_CONVERSION = YES;
				CLANG_WARN_OBJC_IMPLICIT_RETAIN_SELF = YES;
				CLANG_WARN_OBJC_LITERAL_CONVERSION = YES;
				CLANG_WARN_OBJC_ROOT_CLASS = YES_ERROR;
				CLANG_WARN_RANGE_LOOP_ANALYSIS = YES;
				CLANG_WARN_STRICT_PROTOTYPES = YES;
				CLANG_WARN_SUSPICIOUS_MOVE = YES;
				CLANG_WARN_UNGUARDED_AVAILABILITY = YES_AGGRESSIVE;
				CLANG_WARN_UNREACHABLE_CODE = YES;
				CLANG_WARN__DUPLICATE_METHOD_MATCH = YES;
				CODE_SIGN_IDENTITY = "iPhone Developer";
				COPY_PHASE_STRIP = NO;
				DEBUG_INFORMATION_FORMAT = "dwarf-with-dsym";
				ENABLE_NS_ASSERTIONS = NO;
				ENABLE_STRICT_OBJC_MSGSEND = YES;
				GCC_C_LANGUAGE_STANDARD = gnu11;
				GCC_NO_COMMON_BLOCKS = YES;
				GCC_WARN_64_TO_32_BIT_CONVERSION = YES;
				GCC_WARN_ABOUT_RETURN_TYPE = YES_ERROR;
				GCC_WARN_UNDECLARED_SELECTOR = YES;
				GCC_WARN_UNINITIALIZED_AUTOS = YES_AGGRESSIVE;
				GCC_WARN_UNUSED_FUNCTION = YES;
				GCC_WARN_UNUSED_VARIABLE = YES;
				IPHONEOS_DEPLOYMENT_TARGET = 12.1;
				MTL_ENABLE_DEBUG_INFO = NO;
				MTL_FAST_MATH = YES;
				SDKROOT = iphoneos;
				SWIFT_COMPILATION_MODE = wholemodule;
				SWIFT_OPTIMIZATION_LEVEL = "-O";
				VALIDATE_PRODUCT = YES;
			};
			name = Release;
		};
		94104FC121993D95006CDF8E /* Debug */ = {
			isa = XCBuildConfiguration;
			baseConfigurationReference = 77EF155C145B26F195B97F1D /* Pods-DouYuZB.debug.xcconfig */;
			buildSettings = {
				ASSETCATALOG_COMPILER_APPICON_NAME = AppIcon;
				ASSETCATALOG_COMPILER_LAUNCHIMAGE_NAME = LaunchImage;
				CODE_SIGN_STYLE = Automatic;
				INFOPLIST_FILE = DouYuZB/Info.plist;
				LD_RUNPATH_SEARCH_PATHS = (
					"$(inherited)",
					"@executable_path/Frameworks",
				);
				PRODUCT_BUNDLE_IDENTIFIER = cn.cttep.DouYuZB;
				PRODUCT_NAME = "$(TARGET_NAME)";
				SWIFT_VERSION = 4.2;
				TARGETED_DEVICE_FAMILY = "1,2";
			};
			name = Debug;
		};
		94104FC221993D95006CDF8E /* Release */ = {
			isa = XCBuildConfiguration;
			baseConfigurationReference = C6F91F1FDFE8FBB49CB8B80E /* Pods-DouYuZB.release.xcconfig */;
			buildSettings = {
				ASSETCATALOG_COMPILER_APPICON_NAME = AppIcon;
				ASSETCATALOG_COMPILER_LAUNCHIMAGE_NAME = LaunchImage;
				CODE_SIGN_STYLE = Automatic;
				INFOPLIST_FILE = DouYuZB/Info.plist;
				LD_RUNPATH_SEARCH_PATHS = (
					"$(inherited)",
					"@executable_path/Frameworks",
				);
				PRODUCT_BUNDLE_IDENTIFIER = cn.cttep.DouYuZB;
				PRODUCT_NAME = "$(TARGET_NAME)";
				SWIFT_VERSION = 4.2;
				TARGETED_DEVICE_FAMILY = "1,2";
			};
			name = Release;
		};
/* End XCBuildConfiguration section */

/* Begin XCConfigurationList section */
		94104FA921993D93006CDF8E /* Build configuration list for PBXProject "DouYuZB" */ = {
			isa = XCConfigurationList;
			buildConfigurations = (
				94104FBE21993D95006CDF8E /* Debug */,
				94104FBF21993D95006CDF8E /* Release */,
			);
			defaultConfigurationIsVisible = 0;
			defaultConfigurationName = Release;
		};
		94104FC021993D95006CDF8E /* Build configuration list for PBXNativeTarget "DouYuZB" */ = {
			isa = XCConfigurationList;
			buildConfigurations = (
				94104FC121993D95006CDF8E /* Debug */,
				94104FC221993D95006CDF8E /* Release */,
			);
			defaultConfigurationIsVisible = 0;
			defaultConfigurationName = Release;
		};
/* End XCConfigurationList section */
	};
	rootObject = 94104FA621993D93006CDF8E /* Project object */;
}
